
Microsoft Visual Studio Solution File, Format Version 12.00
# Visual Studio 15
VisualStudioVersion = 15.0.27703.2035
MinimumVisualStudioVersion = 10.0.40219.1
Project("{FAE04EC0-301F-11D3-BF4B-00C04F79EFBC}") = "presentacion", "presentacion\presentacion.csproj", "{38BA0829-65AD-49E7-AC4F-B042FF907A70}"
EndProject
Global
	GlobalSection(SolutionConfigurationPlatforms) = preSolution
		Debug|Any CPU = Debug|Any CPU
		Release|Any CPU = Release|Any CPU
	EndGlobalSection
	GlobalSection(ProjectConfigurationPlatforms) = postSolution
		{38BA0829-65AD-49E7-AC4F-B042FF907A70}.Debug|Any CPU.ActiveCfg = Debug|Any CPU
		{38BA0829-65AD-49E7-AC4F-B042FF907A70}.Debug|Any CPU.Build.0 = Debug|Any CPU
		{38BA0829-65AD-49E7-AC4F-B042FF907A70}.Release|Any CPU.ActiveCfg = Release|Any CPU
		{38BA0829-65AD-49E7-AC4F-B042FF907A70}.Release|Any CPU.Build.0 = Release|Any CPU
	EndGlobalSection
	GlobalSection(SolutionProperties) = preSolution
		HideSolutionNode = FALSE
	EndGlobalSection
	GlobalSection(ExtensibilityGlobals) = postSolution
		SolutionGuid = {8276B6CA-E375-4EB3-BDE3-425328695FCC}
	EndGlobalSection
EndGlobal
